{
  "version": "4",
  "remote": {
    "https://deno.land/std@0.141.0/_util/assert.ts": "e94f2eb37cebd7f199952e242c77654e43333c1ac4c5c700e929ea3aa5489f74",
    "https://deno.land/std@0.141.0/_util/os.ts": "3b4c6e27febd119d36a416d7a97bd3b0251b77c88942c8f16ee5953ea13e2e49",
    "https://deno.land/std@0.141.0/_wasm_crypto/crypto.mjs": "3b383eb715e8bfe61b4450ef0644b2653429c88d494807c86c5235979f62e56b",
    "https://deno.land/std@0.141.0/_wasm_crypto/crypto.wasm.mjs": "0ad9ecc0d03ca8a083d9109db22e7507f019f63cf55b82ea618ab58855617577",
    "https://deno.land/std@0.141.0/_wasm_crypto/mod.ts": "30a93c8b6b6c5b269e96a3e95d2c045d86a496814a8737443b77cad941d6a0b5",
    "https://deno.land/std@0.141.0/async/abortable.ts": "87aa7230be8360c24ad437212311c9e8d4328854baec27b4c7abb26e85515c06",
    "https://deno.land/std@0.141.0/async/deadline.ts": "48ac998d7564969f3e6ec6b6f9bf0217ebd00239b1b2292feba61272d5dd58d0",
    "https://deno.land/std@0.141.0/async/debounce.ts": "564273ef242bcfcda19a439132f940db8694173abffc159ea34f07d18fc42620",
    "https://deno.land/std@0.141.0/async/deferred.ts": "bc18e28108252c9f67dfca2bbc4587c3cbf3aeb6e155f8c864ca8ecff992b98a",
    "https://deno.land/std@0.141.0/async/delay.ts": "cbbdf1c87d1aed8edc7bae13592fb3e27e3106e0748f089c263390d4f49e5f6c",
    "https://deno.land/std@0.141.0/async/mod.ts": "6e42e275b44367361a81842dd1a789c55ab206d7c8a877d7163ab5c460625be6",
    "https://deno.land/std@0.141.0/async/mux_async_iterator.ts": "f4d1d259b0c694d381770ddaaa4b799a94843eba80c17f4a2ec2949168e52d1e",
    "https://deno.land/std@0.141.0/async/pool.ts": "ef9eb97b388543acbf0ac32647121e4dbe629236899586c4d4311a8770fbb239",
    "https://deno.land/std@0.141.0/async/tee.ts": "1341feb1f5b1a96f8628d0f8fc07d8c43d3813423f18a63bf1b4785568d21b1f",
    "https://deno.land/std@0.141.0/bytes/bytes_list.ts": "67eb118e0b7891d2f389dad4add35856f4ad5faab46318ff99653456c23b025d",
    "https://deno.land/std@0.141.0/bytes/equals.ts": "fc16dff2090cced02497f16483de123dfa91e591029f985029193dfaa9d894c9",
    "https://deno.land/std@0.141.0/bytes/mod.ts": "763f97d33051cc3f28af1a688dfe2830841192a9fea0cbaa55f927b49d49d0bf",
    "https://deno.land/std@0.141.0/crypto/mod.ts": "4db030a62c00a53cc3e1f180e0a0bd8936c9dec4652ebf6d9897915eeeddbf0a",
    "https://deno.land/std@0.141.0/datetime/formatter.ts": "7c8e6d16a0950f400aef41b9f1eb9168249869776ec520265dfda785d746589e",
    "https://deno.land/std@0.141.0/datetime/mod.ts": "dcab9ae7be83cbf74b7863e83bd16e7c646a8dea2f019092905630eb7a545739",
    "https://deno.land/std@0.141.0/datetime/tokenizer.ts": "7381e28f6ab51cb504c7e132be31773d73ef2f3e1e50a812736962b9df1e8c47",
    "https://deno.land/std@0.141.0/encoding/base64.ts": "c8c16b4adaa60d7a8eee047c73ece26844435e8f7f1328d74593dbb2dd58ea4f",
    "https://deno.land/std@0.141.0/encoding/hex.ts": "7f023e1e51cfd6b189682e602e8640939e7be71a300a2fcf3daf8f84dc609bbc",
    "https://deno.land/std@0.141.0/fmt/colors.ts": "30455035d6d728394781c10755351742dd731e3db6771b1843f9b9e490104d37",
    "https://deno.land/std@0.141.0/io/buffer.ts": "bd0c4bf53db4b4be916ca5963e454bddfd3fcd45039041ea161dbf826817822b",
    "https://deno.land/std@0.141.0/path/_constants.ts": "df1db3ffa6dd6d1252cc9617e5d72165cd2483df90e93833e13580687b6083c3",
    "https://deno.land/std@0.141.0/path/_interface.ts": "ee3b431a336b80cf445441109d089b70d87d5e248f4f90ff906820889ecf8d09",
    "https://deno.land/std@0.141.0/path/_util.ts": "c1e9686d0164e29f7d880b2158971d805b6e0efc3110d0b3e24e4b8af2190d2b",
    "https://deno.land/std@0.141.0/path/common.ts": "bee563630abd2d97f99d83c96c2fa0cca7cee103e8cb4e7699ec4d5db7bd2633",
    "https://deno.land/std@0.141.0/path/glob.ts": "cb5255638de1048973c3e69e420c77dc04f75755524cb3b2e160fe9277d939ee",
    "https://deno.land/std@0.141.0/path/mod.ts": "d3e68d0abb393fb0bf94a6d07c46ec31dc755b544b13144dee931d8d5f06a52d",
    "https://deno.land/std@0.141.0/path/posix.ts": "293cdaec3ecccec0a9cc2b534302dfe308adb6f10861fa183275d6695faace44",
    "https://deno.land/std@0.141.0/path/separator.ts": "fe1816cb765a8068afb3e8f13ad272351c85cbc739af56dacfc7d93d710fe0f9",
    "https://deno.land/std@0.141.0/path/win32.ts": "31811536855e19ba37a999cd8d1b62078235548d67902ece4aa6b814596dd757",
    "https://deno.land/std@0.152.0/_util/assert.ts": "e94f2eb37cebd7f199952e242c77654e43333c1ac4c5c700e929ea3aa5489f74",
    "https://deno.land/std@0.152.0/_util/os.ts": "3b4c6e27febd119d36a416d7a97bd3b0251b77c88942c8f16ee5953ea13e2e49",
    "https://deno.land/std@0.152.0/async/deferred.ts": "bc18e28108252c9f67dfca2bbc4587c3cbf3aeb6e155f8c864ca8ecff992b98a",
    "https://deno.land/std@0.152.0/bytes/bytes_list.ts": "aba5e2369e77d426b10af1de0dcc4531acecec27f9b9056f4f7bfbf8ac147ab4",
    "https://deno.land/std@0.152.0/bytes/equals.ts": "3c3558c3ae85526f84510aa2b48ab2ad7bdd899e2e0f5b7a8ffc85acb3a6043a",
    "https://deno.land/std@0.152.0/bytes/mod.ts": "763f97d33051cc3f28af1a688dfe2830841192a9fea0cbaa55f927b49d49d0bf",
    "https://deno.land/std@0.152.0/crypto/timing_safe_equal.ts": "82a29b737bc8932d75d7a20c404136089d5d23629e94ba14efa98a8cc066c73e",
    "https://deno.land/std@0.152.0/encoding/base64.ts": "c57868ca7fa2fbe919f57f88a623ad34e3d970d675bdc1ff3a9d02bba7409db2",
    "https://deno.land/std@0.152.0/fmt/colors.ts": "6f9340b7fb8cc25a993a99e5efc56fe81bb5af284ff412129dd06df06f53c0b4",
    "https://deno.land/std@0.152.0/http/_negotiation/common.ts": "410e902f01cdd324e4746e8017595be4fc357d6fc4cd6044f2f808a943d7eaf7",
    "https://deno.land/std@0.152.0/http/_negotiation/encoding.ts": "f749c1d539d139af783e8a7741de5a47a98a5e3c9af82b8af512567ccf5fe632",
    "https://deno.land/std@0.152.0/http/_negotiation/language.ts": "53c306186904d2dace4c624a8822542866ad332a7f40ac90e0af1504f95c63d0",
    "https://deno.land/std@0.152.0/http/_negotiation/media_type.ts": "ecdda87286495f7ff25116858f5088856953e2f1585e593d314e0c71b826a137",
    "https://deno.land/std@0.152.0/http/http_errors.ts": "fe9b7f95f7ee0592c3306f8c7aed03ba53d55d1ef81e00041c1171b9588f46d9",
    "https://deno.land/std@0.152.0/http/http_status.ts": "897575a7d6bc2b9123f6a38ecbc0f03d95a532c5d92029315dc9f508e12526b8",
    "https://deno.land/std@0.152.0/http/negotiation.ts": "f35b1ff2ad4ff9feaa00ac234960b398172768205c8eceaef7f2eafe34716ba2",
    "https://deno.land/std@0.152.0/io/buffer.ts": "bd0c4bf53db4b4be916ca5963e454bddfd3fcd45039041ea161dbf826817822b",
    "https://deno.land/std@0.152.0/io/readers.ts": "45847ad404afd2f605eae1cff193f223462bc55eeb9ae313c2f3db28aada0fd6",
    "https://deno.land/std@0.152.0/media_types/_util.ts": "ce9b4fc4ba1c447dafab619055e20fd88236ca6bdd7834a21f98bd193c3fbfa1",
    "https://deno.land/std@0.152.0/media_types/mod.ts": "3829264ca0610cac40f3214f939d7733483523f82bc1041c51045d7c75fb93b8",
    "https://deno.land/std@0.152.0/media_types/vendor/mime-db.v1.52.0.ts": "724cee25fa40f1a52d3937d6b4fbbfdd7791ff55e1b7ac08d9319d5632c7f5af",
    "https://deno.land/std@0.152.0/path/_constants.ts": "df1db3ffa6dd6d1252cc9617e5d72165cd2483df90e93833e13580687b6083c3",
    "https://deno.land/std@0.152.0/path/_interface.ts": "ee3b431a336b80cf445441109d089b70d87d5e248f4f90ff906820889ecf8d09",
    "https://deno.land/std@0.152.0/path/_util.ts": "c1e9686d0164e29f7d880b2158971d805b6e0efc3110d0b3e24e4b8af2190d2b",
    "https://deno.land/std@0.152.0/path/common.ts": "bee563630abd2d97f99d83c96c2fa0cca7cee103e8cb4e7699ec4d5db7bd2633",
    "https://deno.land/std@0.152.0/path/glob.ts": "cb5255638de1048973c3e69e420c77dc04f75755524cb3b2e160fe9277d939ee",
    "https://deno.land/std@0.152.0/path/mod.ts": "56fec03ad0ebd61b6ab39ddb9b0ddb4c4a5c9f2f4f632e09dd37ec9ebfd722ac",
    "https://deno.land/std@0.152.0/path/posix.ts": "c1f7afe274290ea0b51da07ee205653b2964bd74909a82deb07b69a6cc383aaa",
    "https://deno.land/std@0.152.0/path/separator.ts": "fe1816cb765a8068afb3e8f13ad272351c85cbc739af56dacfc7d93d710fe0f9",
    "https://deno.land/std@0.152.0/path/win32.ts": "bd7549042e37879c68ff2f8576a25950abbfca1d696d41d82c7bca0b7e6f452c",
    "https://deno.land/std@0.152.0/streams/conversion.ts": "fc3db02026183da795fa32ac7549868e9f19c75ba029d4b4c3739af62b48517a",
    "https://deno.land/std@0.152.0/testing/_diff.ts": "029a00560b0d534bc0046f1bce4bd36b3b41ada3f2a3178c85686eb2ff5f1413",
    "https://deno.land/std@0.152.0/testing/_format.ts": "0d8dc79eab15b67cdc532826213bbe05bccfd276ca473a50a3fc7bbfb7260642",
    "https://deno.land/std@0.152.0/testing/asserts.ts": "093735c88f52bbead7f60a1f7a97a2ce4df3c2d5fab00a46956f20b4a5793ccd",
    "https://deno.land/std@0.155.0/dotenv/mod.ts": "e95086c624dfebc78006f239dfc1da8644fb73d3c5557535ce2b2509e7a2975f",
    "https://deno.land/std@0.155.0/dotenv/util.ts": "6cc392f087577a26a27f0463f77cc0c31a390aa055917099935b36eb2454592d",
    "https://deno.land/x/bcrypt@v0.4.0/mod.ts": "ff09bdae282583cf5f7d87efe37ddcecef7f14f6d12e8b8066a3058db8c6c2f7",
    "https://deno.land/x/bcrypt@v0.4.0/src/bcrypt/base64.ts": "b8266450a4f1eb6960f60f2f7986afc4dde6b45bd2d7ee7ba10789e67e17b9f7",
    "https://deno.land/x/bcrypt@v0.4.0/src/bcrypt/bcrypt.ts": "ec221648cc6453ea5e3803bc817c01157dada06aa6f7a0ba6b9f87aae32b21e2",
    "https://deno.land/x/bcrypt@v0.4.0/src/main.ts": "08d201b289c8d9c46f8839c69cd6625b213863db29775c7a200afc3b540e64f8",
    "https://deno.land/x/cuid@v1.0.0/fingerprint.js": "34d45895441ad08a1ce2c76da4b72da24c00b68346e9bb3c8dfd10eb5774d74e",
    "https://deno.land/x/cuid@v1.0.0/getRandomValue.js": "52545634d1e62836ed44aeea057caa2d054ea979090049ea8facb2ececa23385",
    "https://deno.land/x/cuid@v1.0.0/index.js": "7313248002e361977e2801d0cbfd6b7d20926dd59c880f1698672a4fdefe999e",
    "https://deno.land/x/cuid@v1.0.0/pad.js": "11c84744f110744659e8a61f991a1223b917786aaddc928970f85027e1fe1a12",
    "https://deno.land/x/jose@v4.10.0/index.ts": "5e551713b783fa8658c4e09e8029ba31fc99cb3fc82e9434067708015c26eefb",
    "https://deno.land/x/jose@v4.10.0/jwe/compact/decrypt.ts": "7e3ccd37be00f7e2f7bb762e59c1abc0bf60eef8940aee71d327a1cc3706fb72",
    "https://deno.land/x/jose@v4.10.0/jwe/compact/encrypt.ts": "38225f701ede22fb87bcb73636c51fb1a66127ae981a8a726db3366fcf4490cb",
    "https://deno.land/x/jose@v4.10.0/jwe/flattened/decrypt.ts": "140e2bb36d020384900b7fabc9822dec45eb5ece63e0bb8c4115c371c562b42e",
    "https://deno.land/x/jose@v4.10.0/jwe/flattened/encrypt.ts": "943f65bcc7031a0e088c62656e2b5c17803c1a17323ec3332c767edde9b6e167",
    "https://deno.land/x/jose@v4.10.0/jwe/general/decrypt.ts": "f62252403bf37a6dbd24756dcb18e1214d4596115fdfcb747a032efe9c703aa6",
    "https://deno.land/x/jose@v4.10.0/jwe/general/encrypt.ts": "3eb125e38626e873b8c8a57968b07bba74443b4952c4c6ddb5fd62837076110d",
    "https://deno.land/x/jose@v4.10.0/jwk/embedded.ts": "e78526e63c035bcfc7da9ffa4ea19c95f9dbf5d9e61ae1b7e8d99a6dcf027166",
    "https://deno.land/x/jose@v4.10.0/jwk/thumbprint.ts": "b2b9549d94f1c23c36a2a5a0e85db64bfe0afa5c33aa7e5f3e7e36f34e385c04",
    "https://deno.land/x/jose@v4.10.0/jwks/local.ts": "f733e3d06820ed0653a81558625c06a45caf1b900dae104d5a7918d35aaf5eb8",
    "https://deno.land/x/jose@v4.10.0/jwks/remote.ts": "b2bee8166c294dc7be8ec6f82d70de3caa3330fa2c0e2899039207a9d5bb2959",
    "https://deno.land/x/jose@v4.10.0/jws/compact/sign.ts": "6368a6a9bfd1776b82b39d593f3270d0f60bee31ed9d391a20edb8292124e6d0",
    "https://deno.land/x/jose@v4.10.0/jws/compact/verify.ts": "64da9b44db007eca3964c33376e52d5febf28ea4286bc1aa8c85b98e43a6b56c",
    "https://deno.land/x/jose@v4.10.0/jws/flattened/sign.ts": "a5d73da31d06d72918a2b38321354fbe26af7ef60f824ce9515678f34836d12e",
    "https://deno.land/x/jose@v4.10.0/jws/flattened/verify.ts": "48a8b37decea4f5be509c41c4c473f70153c20dd618c1623a1f134cdf43f9259",
    "https://deno.land/x/jose@v4.10.0/jws/general/sign.ts": "a354d33a57d0ad8be12e80dba3a8d4825eeb54e79a24d769711c02a05f751e9c",
    "https://deno.land/x/jose@v4.10.0/jws/general/verify.ts": "23d8f6105d9d3ebe459f8f553e60531c252746efab94b36ef3c3fb1bb39b8526",
    "https://deno.land/x/jose@v4.10.0/jwt/decrypt.ts": "120e806ec8e75ed2294f426b265ee1cd27b5c9238b530f2fe6c671ae80762cbc",
    "https://deno.land/x/jose@v4.10.0/jwt/encrypt.ts": "fc5a0fa8941a60518f1b03f10ad0db79abee34cb83b04b4d5073d025242ab3e7",
    "https://deno.land/x/jose@v4.10.0/jwt/produce.ts": "cbc9e4e82dcdff533ace77403ec3fcd2f74b089abf472631aa697be9f981947e",
    "https://deno.land/x/jose@v4.10.0/jwt/sign.ts": "6e88ed2196c8f89f87f077afe0dfb30a0c2815b29367f5c9ef9cabdbbe47e14f",
    "https://deno.land/x/jose@v4.10.0/jwt/unsecured.ts": "25b7d69be137cb611232ec3c1c0974bdc7b444353f870662b0b9ab95dc7d72c2",
    "https://deno.land/x/jose@v4.10.0/jwt/verify.ts": "1f64d479c3fde210cd176f6f593ce0843e88c88acc3d3dfb8502ab1cfea997de",
    "https://deno.land/x/jose@v4.10.0/key/export.ts": "251debc31e08c3dad98911a6d52882f689f60203390d1ac2f6aa08413a22a478",
    "https://deno.land/x/jose@v4.10.0/key/generate_key_pair.ts": "06f26d8ba095ad16a2fcb4e871634efed1bc35c201b97a08a220b0decd7d7dda",
    "https://deno.land/x/jose@v4.10.0/key/generate_secret.ts": "08111eada9db10cbefaf1cb0fccfadf414f7b0ce0a98dd09355ec93cd07044a6",
    "https://deno.land/x/jose@v4.10.0/key/import.ts": "3e3a8f80ffd8c1cc7b2960d1d842727951ac990664f38190bb3c4424d0e459c3",
    "https://deno.land/x/jose@v4.10.0/lib/aesgcmkw.ts": "9415c556597be41a4a2f7203fd32fb00d1f06b6b2cfef70d481acec39c7807d6",
    "https://deno.land/x/jose@v4.10.0/lib/buffer_utils.ts": "dad65c92c9baef14cd5366a4131252afa7a5b4f3a068d0244e2df8660ea2bd8e",
    "https://deno.land/x/jose@v4.10.0/lib/cek.ts": "a474becfe1c2d86fbcf3a24cdcd96274beb8d61bd17926e5f345001f39df922b",
    "https://deno.land/x/jose@v4.10.0/lib/check_iv_length.ts": "118eb531167126c8421d71a21f2cfdc10a658c933e178b33395ef3e962c54f80",
    "https://deno.land/x/jose@v4.10.0/lib/check_key_type.ts": "81f5a2c3764464d2b917a1c55c6011d312184e8c68e43bee51565c2db1b166c4",
    "https://deno.land/x/jose@v4.10.0/lib/check_p2s.ts": "2f5549e121c43019ac85a3bb3fe8cb98a397122dcaa80f3cd8bf5fcf314e1f67",
    "https://deno.land/x/jose@v4.10.0/lib/crypto_key.ts": "8bb4add7702867d299638494ee6657af4ba65282a6a58cd799b9d9384cbe3075",
    "https://deno.land/x/jose@v4.10.0/lib/decrypt_key_management.ts": "25553575fa7fb97576cd010ff7d22025b566c75f43406aba5fb0c5b9c56a2e51",
    "https://deno.land/x/jose@v4.10.0/lib/encrypt_key_management.ts": "ec08f264e7dde341171d6272e9db639ae3718cc7047b3117735ab960d9bd01d4",
    "https://deno.land/x/jose@v4.10.0/lib/epoch.ts": "cd608f73f6c100e8156c6020ec2bce6757e01759793f0d6aab23908d3d2ea933",
    "https://deno.land/x/jose@v4.10.0/lib/format_pem.ts": "b5230682e7a89609238015b77f33afd248f3e0f69bcb5895eece2f86d83100f6",
    "https://deno.land/x/jose@v4.10.0/lib/invalid_key_input.ts": "9ca81c899000c18cf1b70ab8221f39b306cc153663e748190307e284fd47ab6a",
    "https://deno.land/x/jose@v4.10.0/lib/is_disjoint.ts": "b5ea1cb260899f5cfb04f032029956e637067714a275d13be429fc53287a4b17",
    "https://deno.land/x/jose@v4.10.0/lib/is_object.ts": "43549ddc51a3b3d4c22b953b191a961fbb61fb5081e8efb88ad075afa1f4d214",
    "https://deno.land/x/jose@v4.10.0/lib/iv.ts": "4766d9ad87b478bb7344094f38c8561181b72f8678edd1b5226d1e0f9ab677fc",
    "https://deno.land/x/jose@v4.10.0/lib/jwt_claims_set.ts": "be81b6b239e5cbc4ca5e7ca67dc0a468bac48331bc5e0da911953e2aee41f6c1",
    "https://deno.land/x/jose@v4.10.0/lib/secs.ts": "03a2f02fda0f76bf431734552a947c2916c699b904ae0d2f90a415931c30e66d",
    "https://deno.land/x/jose@v4.10.0/lib/validate_algorithms.ts": "6b20f4b5f6935cd9edcd6eb2128226144ba792eaa7c47966c666a51baf1682eb",
    "https://deno.land/x/jose@v4.10.0/lib/validate_crit.ts": "6d2b43959ddf432060505ef13af32cb1bf0daff815ef1eae4d7971629566a695",
    "https://deno.land/x/jose@v4.10.0/runtime/aeskw.ts": "a9bd412c6d07b2606520972671a545cdb205f79f0a2e9ec0fb145fb2147319e1",
    "https://deno.land/x/jose@v4.10.0/runtime/asn1.ts": "73bf5ce334687fbfc004da41c04e97733758533ac85661af56d211046755d2d2",
    "https://deno.land/x/jose@v4.10.0/runtime/base64url.ts": "74ecb18b90de56bcc4424b6c911cfe49b56dd4a316978f5c8ee9a23560069636",
    "https://deno.land/x/jose@v4.10.0/runtime/bogus.ts": "4f1c967b0d9b4e7105e16ad8c173da55708f377ee5e201d8ee5fc613f3417f08",
    "https://deno.land/x/jose@v4.10.0/runtime/check_cek_length.ts": "2ee093fcb273602449ed7863ab6bd4dd2a7aeff99507e0573e3cd4b8d8099e5d",
    "https://deno.land/x/jose@v4.10.0/runtime/check_key_length.ts": "5656870cc4460602775134280bf46f17e27100b237bdb5c687aceabeffc8f2a2",
    "https://deno.land/x/jose@v4.10.0/runtime/decrypt.ts": "fc24eadefce13095a4012972a1552f148d9d12d8ed7d1f17ed7c87e00810335f",
    "https://deno.land/x/jose@v4.10.0/runtime/digest.ts": "cee73fad56ce596ffedc56811d174ab413e7981eb847eb67c0e77f213cc2ac2d",
    "https://deno.land/x/jose@v4.10.0/runtime/ecdhes.ts": "74a6f43dde87736179d814312b010087bea0c834f51adc9a93f79664f78cb75f",
    "https://deno.land/x/jose@v4.10.0/runtime/encrypt.ts": "50d400ab152e2d66bffccf7473545097dd69894bc05508530260c8bc0d811638",
    "https://deno.land/x/jose@v4.10.0/runtime/env.ts": "86ff1bc7bda93b6eac6ed4412b6d0675c286b45cf16b8aa839612840f1f95d38",
    "https://deno.land/x/jose@v4.10.0/runtime/fetch_jwks.ts": "34b71aa6bbd51984d1009792499ea17133dcb11bf2f2d8fba60e8090d900fc20",
    "https://deno.land/x/jose@v4.10.0/runtime/generate.ts": "1e1f417e9c5ec6d2a85d508c963c5a837806b2ae654d504f9a5c4e966eca33a6",
    "https://deno.land/x/jose@v4.10.0/runtime/get_sign_verify_key.ts": "f08a086524491a54fb2a0e203819d4ca2b193444aecf6dfbaf6d400431cb439c",
    "https://deno.land/x/jose@v4.10.0/runtime/is_key_like.ts": "d9660a40820d254843721a53b51eb94a4db39a1ee36103ea8c28e2cc2207599b",
    "https://deno.land/x/jose@v4.10.0/runtime/jwk_to_key.ts": "5d706e2a24f8bc6be48544fb86662c4bc4224d4ba6ee5bc353e1dc3c35106ef7",
    "https://deno.land/x/jose@v4.10.0/runtime/key_to_jwk.ts": "2af6f52abbe59316fa96771da48538c8f718b6fdd8703d185f8a87ef44c0f064",
    "https://deno.land/x/jose@v4.10.0/runtime/pbes2kw.ts": "1c424aade1ef8c69f0b9db635ff04d873f7c1b2615c7fbef49ee053704912e9d",
    "https://deno.land/x/jose@v4.10.0/runtime/random.ts": "3e9c8d08208e5dc186ae659535f0018303ff3b56615335bf0dfb5904fe36aab7",
    "https://deno.land/x/jose@v4.10.0/runtime/rsaes.ts": "124b6e87d8569b39d6f550b371303c79e9eb28aa0d9b14025eeaffe50282c987",
    "https://deno.land/x/jose@v4.10.0/runtime/sign.ts": "1524f8855538ca5fd607cd681f804ba421b0ec58f562118f3c635324ba053f90",
    "https://deno.land/x/jose@v4.10.0/runtime/subtle_dsa.ts": "764e1b6afccc9c82b831c23fe50875e6faf9c209badd54f37c24588a4505641b",
    "https://deno.land/x/jose@v4.10.0/runtime/subtle_rsaes.ts": "26147da83932ebf7266d69ddd408f269395de05ddde64ba4e1585571bb61bd93",
    "https://deno.land/x/jose@v4.10.0/runtime/timing_safe_equal.ts": "fc5b3f4132cec56630eac4677fef2b519707a9c6a257f8ae86515b0d86ff5f6b",
    "https://deno.land/x/jose@v4.10.0/runtime/verify.ts": "d391e2286b47485247b475016c66999f5146a1cf8331115385a9ba629251c15e",
    "https://deno.land/x/jose@v4.10.0/runtime/webcrypto.ts": "3365b7d62eaa7e6befe5e2f4f67aa7859805c41b87064433b6e70f94501aa36e",
    "https://deno.land/x/jose@v4.10.0/runtime/zlib.ts": "74a4c85d1a6e523282ae927412d58e6789a8d7264b4e966a7df800a97f28a1e1",
    "https://deno.land/x/jose@v4.10.0/util/base64url.ts": "d2567042684de8bf1e4f1ad67be40ab343ee192ddf1cf12ff1d940d6c1fa2bcb",
    "https://deno.land/x/jose@v4.10.0/util/decode_jwt.ts": "a63c61cd436d1bebab7d88bb905873d92b466774af71396e78f9158e8e7db315",
    "https://deno.land/x/jose@v4.10.0/util/decode_protected_header.ts": "7e202a0d6eec103e03fbd5c97a9b0a5db3e1ce06c428ee57fd8792f96edb31be",
    "https://deno.land/x/jose@v4.10.0/util/errors.ts": "8e23fd03923354b71332fc1266ba796f7795ad946133da77b2d0cc688fc2bcc3",
    "https://deno.land/x/oak@v11.1.0/application.ts": "0a728331822b8e27727ceec48a8499657c3163fc48fd379a8a9578a75f3cdb62",
    "https://deno.land/x/oak@v11.1.0/body.ts": "78402a4936accb80372c4944384658105604352d6783de7ff1e36b8832dd93c9",
    "https://deno.land/x/oak@v11.1.0/buf_reader.ts": "7cf96aa0ac670b75098113cf88a291a68332cc45efa8a9698f064ac5b8098a0f",
    "https://deno.land/x/oak@v11.1.0/content_disposition.ts": "8b8c3cb2fba7138cd5b7f82fc3b5ea39b33db924a824b28261659db7e164621e",
    "https://deno.land/x/oak@v11.1.0/context.ts": "014d1ce40e62a7901411425541b0d5a08018968a330595bd686f8d00222a35bb",
    "https://deno.land/x/oak@v11.1.0/cookies.ts": "d9f94b99f26c6169c6982ce12323c41a548d001bfc28f464264c22dc3dbf2181",
    "https://deno.land/x/oak@v11.1.0/deps.ts": "b897b0f2bec99cd8b402b279b7f21de955d98cbd72835b6c912be5e11c26148b",
    "https://deno.land/x/oak@v11.1.0/etag.ts": "19918f5e1964e3fe6c9fe524a88ffbf9900ce1dfe4146b187b2a86256bb6b663",
    "https://deno.land/x/oak@v11.1.0/headers.ts": "f50fb05614432bda971021633129aa2e8737e0844e0f01c27a937997b4d8dd4f",
    "https://deno.land/x/oak@v11.1.0/helpers.ts": "42212afa07a560b2958359cc19577417e89d9574d6579551a0af36ff7f00cc6e",
    "https://deno.land/x/oak@v11.1.0/http_request.ts": "0831c828816fcb58a5aa8361c6865c4151f4c8b59fabcef2e2cd235bb28170c5",
    "https://deno.land/x/oak@v11.1.0/http_server_flash.ts": "e312754acad26d3d70f243d657547e697921f67f0a2179dbec41a20a3228fd79",
    "https://deno.land/x/oak@v11.1.0/http_server_native.ts": "549dffcd2db5cbb0e44ad50cf9c54956b42a10450b1ac66e1362e32a073c8c1b",
    "https://deno.land/x/oak@v11.1.0/http_server_native_request.ts": "07910ea2ed51af6c4e69addf9015cdd8d2b5c9ee03fd4993e386834a129a9eb6",
    "https://deno.land/x/oak@v11.1.0/isMediaType.ts": "62d638abcf837ece3a8f07a4b7ca59794135cb0d4b73194c7d5837efd4161005",
    "https://deno.land/x/oak@v11.1.0/keyStack.ts": "fa0d5898fb8ba34de1c9cdcf4b2e8434952dc9931671858d33560368784a22ef",
    "https://deno.land/x/oak@v11.1.0/mediaTyper.ts": "042b853fc8e9c3f6c628dd389e03ef481552bf07242efc3f8a1af042102a6105",
    "https://deno.land/x/oak@v11.1.0/middleware.ts": "de14f045a2ddfe845d89b5d3140ff52cbcc6f3b3965391106ce04480f9786737",
    "https://deno.land/x/oak@v11.1.0/middleware/proxy.ts": "b927232f97ec18af4185d7912e45b1191e3ffe24a9c875262ad524211b1274c9",
    "https://deno.land/x/oak@v11.1.0/mod.ts": "de52855c8f626e30ba683fb265c0a0773ba2f5f117b3549b7d9c857edba58338",
    "https://deno.land/x/oak@v11.1.0/multipart.ts": "98fe9f226de8c26a16d067027b69fb1e34ad8c4055767dd157907d06cea36f9a",
    "https://deno.land/x/oak@v11.1.0/range.ts": "68a6df7ab3b868843e33f52deb94c3d4cab25cb9ef369691990c2ac15b04fafb",
    "https://deno.land/x/oak@v11.1.0/request.ts": "5852ad36389b48e0428a6f3c90854d01f10d1b15949b56001e1e75c2a00ef0f9",
    "https://deno.land/x/oak@v11.1.0/response.ts": "867d81f7eb0c65c7b8e0e0e9e145ededd5b6daa9ad922e6adc6a36a525f439a6",
    "https://deno.land/x/oak@v11.1.0/router.ts": "187522a549f6c179ff01d321882a8bfacbfb7f3e24b004ec4534a3613c7f9b0e",
    "https://deno.land/x/oak@v11.1.0/send.ts": "7ef2591792426d62add91536bb434566d4b224247ca343fdd63e486f9d4e9446",
    "https://deno.land/x/oak@v11.1.0/server_sent_event.ts": "948b0fe4cb3fe38c7db15e476eb3b7671ef20e566d130e9f701d7c0146aa47dd",
    "https://deno.land/x/oak@v11.1.0/structured_clone.ts": "ecf42598652b8082f37252cb873d6e257ad728e6fe73c6bd61f343d94501fbde",
    "https://deno.land/x/oak@v11.1.0/testing.ts": "7612656efd2975f7a2e6848609f5971922dbec46b76372c5c623202fdd7b9a85",
    "https://deno.land/x/oak@v11.1.0/util.ts": "3af8c4ed04c6cc2bedbe66e562a77fc59c72df31c55a902a63885861ca1639d6",
    "https://deno.land/x/path_to_regexp@v6.2.1/index.ts": "894060567837bae8fc9c5cbd4d0a05e9024672083d5883b525c031eea940e556",
    "https://deno.land/x/postgres@v0.16.1/client.ts": "348779c9f6a1c75ef1336db662faf08dce7d2101ff72f0d1e341ba1505c8431d",
    "https://deno.land/x/postgres@v0.16.1/client/error.ts": "0817583b666fd546664ed52c1d37beccc5a9eebcc6e3c2ead20ada99b681e5f7",
    "https://deno.land/x/postgres@v0.16.1/connection/auth.ts": "1070125e2ac4ca4ade36d69a4222d37001903092826d313217987583edd61ce9",
    "https://deno.land/x/postgres@v0.16.1/connection/connection.ts": "428ed3efa055870db505092b5d3545ef743497b7b4b72cf8f0593e7dd4788acd",
    "https://deno.land/x/postgres@v0.16.1/connection/connection_params.ts": "ae05d1ca554cecddf028482a7517fdbdc28d076e93db8b8389348ecab6ddb0c1",
    "https://deno.land/x/postgres@v0.16.1/connection/message.ts": "f9257948b7f87d58bfbfe3fc6e2e08f0de3ef885655904d56a5f73655cc22c5a",
    "https://deno.land/x/postgres@v0.16.1/connection/message_code.ts": "466719008b298770c366c5c63f6cf8285b7f76514dadb4b11e7d9756a8a1ddbf",
    "https://deno.land/x/postgres@v0.16.1/connection/packet.ts": "050aeff1fc13c9349e89451a155ffcd0b1343dc313a51f84439e3e45f64b56c8",
    "https://deno.land/x/postgres@v0.16.1/connection/scram.ts": "6d7c5b44855a01e477ad425dbfe81e4a0af6aa1096c93dba76c535d145c46ae0",
    "https://deno.land/x/postgres@v0.16.1/deps.ts": "2b5acaede991255c8ae7700ac59bf6461f72a5cefe786c23965083ecc6aa626a",
    "https://deno.land/x/postgres@v0.16.1/mod.ts": "a1e18fd9e6fedc8bc24e5aeec3ae6de45e2274be1411fb66e9081420c5e81d7d",
    "https://deno.land/x/postgres@v0.16.1/pool.ts": "892db7b5e1787988babecc994a151ebbd7d017f080905cbe9c3d7b44a73032a9",
    "https://deno.land/x/postgres@v0.16.1/query/array_parser.ts": "f8a229d82c3801de8266fa2cc4afe12e94fef8d0c479e73655c86ed3667ef33f",
    "https://deno.land/x/postgres@v0.16.1/query/decode.ts": "44a4a6cbcf494ed91a4fecae38a57dce63a7b519166f02c702791d9717371419",
    "https://deno.land/x/postgres@v0.16.1/query/decoders.ts": "16cb0e60227d86692931e315421b15768c78526e3aeb84e25fcc4111096de9fd",
    "https://deno.land/x/postgres@v0.16.1/query/encode.ts": "5f1418a2932b7c2231556e4a5f5f56efef48728014070cfafe7656963f342933",
    "https://deno.land/x/postgres@v0.16.1/query/oid.ts": "8c33e1325f34e4ca9f11a48b8066c8cfcace5f64bc1eb17ad7247af4936999e1",
    "https://deno.land/x/postgres@v0.16.1/query/query.ts": "cc0254e5b8d093c27b1e90cb9c2d98f14d4cf6958f296163cb6351ffd93a6c51",
    "https://deno.land/x/postgres@v0.16.1/query/transaction.ts": "78fdb116ebc1affbeefecca657ddabb278cd6f4b45cdbaffeea411464dd8a7ee",
    "https://deno.land/x/postgres@v0.16.1/query/types.ts": "a6dc8024867fe7ccb0ba4b4fa403ee5d474c7742174128c8e689c3b5e5eaa933",
    "https://deno.land/x/postgres@v0.16.1/utils/deferred.ts": "dd94f2a57355355c47812b061a51b55263f72d24e9cb3fdb474c7519f4d61083",
    "https://deno.land/x/postgres@v0.16.1/utils/utils.ts": "19c3527ddd5c6c4c49ae36397120274c7f41f9d3cbf479cb36065d23329e9f90"
  }
}
